<?xml version="1.0" encoding="UTF-8" standalone="yes" ?>
<CodeBlocks_project_file>
	<FileVersion major="1" minor="6" />
	<Project>
		<Option title="rewordlist" />
		<Option pch_mode="2" />
		<Option compiler="gcc" />
		<Build>
			<Target title="Debug">
				<Option output="bin/Debug/rewordlist" prefix_auto="1" extension_auto="1" />
				<Option object_output="obj/Debug/" />
				<Option type="1" />
				<Option compiler="gcc" />
				<Option parameters="-x -s /home/ajm/dev/src/reword_dictionaries/_test/full_wordlist_en-GB-oed-wlist.txt /home/ajm/dev/src/reword_dictionaries/_test/oxford_dict.xdxf" />
				<Compiler>
					<Add option="-Wextra" />
					<Add option="-g" />
				</Compiler>
				<Linker>
					<Add library="/usr/lib/libboost_thread.so" />
				</Linker>
			</Target>
			<Target title="Release">
				<Option output="bin/Release/rewordlist" prefix_auto="1" extension_auto="1" />
				<Option object_output="obj/Release/" />
				<Option type="1" />
				<Option compiler="gcc" />
				<Compiler>
					<Add option="-O2" />
				</Compiler>
				<Linker>
					<Add option="-s" />
				</Linker>
			</Target>
		</Build>
		<Compiler>
			<Add option="-Wall" />
		</Compiler>
		<Linker>
			<Add library="libboost_regex" />
		</Linker>
		<Unit filename="../reword/helpers.cpp" />
		<Unit filename="../reword/helpers.h" />
		<Unit filename="../reword/random.cpp" />
		<Unit filename="../reword/random.h" />
		<Unit filename="../reword/states.h" />
		<Unit filename="../reword/words.cpp" />
		<Unit filename="../reword/words.h" />
		<Unit filename="rewordlist.cpp" />
		<Unit filename="tinyxml/tinystr.cpp" />
		<Unit filename="tinyxml/tinystr.h" />
		<Unit filename="tinyxml/tinyxml.cpp" />
		<Unit filename="tinyxml/tinyxml.h" />
		<Unit filename="tinyxml/tinyxmlerror.cpp" />
		<Unit filename="tinyxml/tinyxmlparser.cpp" />
		<Unit filename="words2.cpp" />
		<Unit filename="words2.h" />
		<Extensions>
			<code_completion />
			<envvars />
			<lib_finder disable_auto="1" />
			<debugger />
		</Extensions>
	</Project>
</CodeBlocks_project_file>
