<?xml version="1.0" encoding="utf-8"?>
<Project ToolsVersion="4.0" xmlns="http://schemas.microsoft.com/developer/msbuild/2003">
  <ItemGroup>
    <Filter Include="Source Files">
      <UniqueIdentifier>{4FC737F1-C7A5-4376-A066-2A32D752A2FF}</UniqueIdentifier>
      <Extensions>cpp;c;cc;cxx;def;odl;idl;hpj;bat;asm;asmx</Extensions>
    </Filter>
    <Filter Include="Header Files">
      <UniqueIdentifier>{93995380-89BD-4b04-88EB-625FBE52EBFB}</UniqueIdentifier>
      <Extensions>h;hpp;hxx;hm;inl;inc;xsd</Extensions>
    </Filter>
    <Filter Include="Resource Files">
      <UniqueIdentifier>{67DA6AB6-F800-4c08-8B7A-83BB121AAD01}</UniqueIdentifier>
      <Extensions>rc;ico;cur;bmp;dlg;rc2;rct;bin;rgs;gif;jpg;jpeg;jpe;resx;tiff;tif;png;wav;mfcribbon-ms</Extensions>
    </Filter>
  </ItemGroup>
  <ItemGroup>
    <ClInclude Include="..\reword\audio.h">
      <Filter>Header Files</Filter>
    </ClInclude>
    <ClInclude Include="..\reword\button.h">
      <Filter>Header Files</Filter>
    </ClInclude>
    <ClInclude Include="..\reword\constants.h">
      <Filter>Header Files</Filter>
    </ClInclude>
    <ClInclude Include="..\reword\control.h">
      <Filter>Header Files</Filter>
    </ClInclude>
    <ClInclude Include="..\reword\controls.h">
      <Filter>Header Files</Filter>
    </ClInclude>
    <ClInclude Include="..\reword\delegate.h">
      <Filter>Header Files</Filter>
    </ClInclude>
    <ClInclude Include="..\reword\easing.h">
      <Filter>Header Files</Filter>
    </ClInclude>
    <ClInclude Include="..\reword\error.h">
      <Filter>Header Files</Filter>
    </ClInclude>
    <ClInclude Include="..\reword\fontttf.h">
      <Filter>Header Files</Filter>
    </ClInclude>
    <ClInclude Include="..\reword\framerate.h">
      <Filter>Header Files</Filter>
    </ClInclude>
    <ClInclude Include="..\reword\game.h">
      <Filter>Header Files</Filter>
    </ClInclude>
    <ClInclude Include="..\reword\gamedata.h">
      <Filter>Header Files</Filter>
    </ClInclude>
    <ClInclude Include="..\reword\global.h">
      <Filter>Header Files</Filter>
    </ClInclude>
    <ClInclude Include="..\reword\helpers.h">
      <Filter>Header Files</Filter>
    </ClInclude>
    <ClInclude Include="..\reword\i_audio.h">
      <Filter>Header Files</Filter>
    </ClInclude>
    <ClInclude Include="..\reword\i_input.h">
      <Filter>Header Files</Filter>
    </ClInclude>
    <ClInclude Include="..\reword\i_play.h">
      <Filter>Header Files</Filter>
    </ClInclude>
    <ClInclude Include="..\reword\image.h">
      <Filter>Header Files</Filter>
    </ClInclude>
    <ClInclude Include="..\reword\imageanim.h">
      <Filter>Header Files</Filter>
    </ClInclude>
    <ClInclude Include="..\reword\input.h">
      <Filter>Header Files</Filter>
    </ClInclude>
    <ClInclude Include="..\reword\locator.h">
      <Filter>Header Files</Filter>
    </ClInclude>
    <ClInclude Include="..\reword\platform.h">
      <Filter>Header Files</Filter>
    </ClInclude>
    <ClInclude Include="..\reword\playdiff.h">
      <Filter>Header Files</Filter>
    </ClInclude>
    <ClInclude Include="..\reword\playgame.h">
      <Filter>Header Files</Filter>
    </ClInclude>
    <ClInclude Include="..\reword\playgamedict.h">
      <Filter>Header Files</Filter>
    </ClInclude>
    <ClInclude Include="..\reword\playgamepopup.h">
      <Filter>Header Files</Filter>
    </ClInclude>
    <ClInclude Include="..\reword\playhigh.h">
      <Filter>Header Files</Filter>
    </ClInclude>
    <ClInclude Include="..\reword\playinst.h">
      <Filter>Header Files</Filter>
    </ClInclude>
    <ClInclude Include="..\reword\playmainmenu.h">
      <Filter>Header Files</Filter>
    </ClInclude>
    <ClInclude Include="..\reword\playmenu.h">
      <Filter>Header Files</Filter>
    </ClInclude>
    <ClInclude Include="..\reword\playmodemenu.h">
      <Filter>Header Files</Filter>
    </ClInclude>
    <ClInclude Include="..\reword\playoptions.h">
      <Filter>Header Files</Filter>
    </ClInclude>
    <ClInclude Include="..\reword\random.h">
      <Filter>Header Files</Filter>
    </ClInclude>
    <ClInclude Include="..\reword\resource.h">
      <Filter>Header Files</Filter>
    </ClInclude>
    <ClInclude Include="..\reword\roundels.h">
      <Filter>Header Files</Filter>
    </ClInclude>
    <ClInclude Include="..\reword\score.h">
      <Filter>Header Files</Filter>
    </ClInclude>
    <ClInclude Include="..\reword\screen.h">
      <Filter>Header Files</Filter>
    </ClInclude>
    <ClInclude Include="..\reword\signal.h">
      <Filter>Header Files</Filter>
    </ClInclude>
    <ClInclude Include="..\reword\singleton.h">
      <Filter>Header Files</Filter>
    </ClInclude>
    <ClInclude Include="..\reword\sprite.h">
      <Filter>Header Files</Filter>
    </ClInclude>
    <ClInclude Include="..\reword\spritemgr.h">
      <Filter>Header Files</Filter>
    </ClInclude>
    <ClInclude Include="..\reword\states.h">
      <Filter>Header Files</Filter>
    </ClInclude>
    <ClInclude Include="..\reword\surface.h">
      <Filter>Header Files</Filter>
    </ClInclude>
    <ClInclude Include="..\reword\utils.h">
      <Filter>Header Files</Filter>
    </ClInclude>
    <ClInclude Include="..\reword\waiting.h">
      <Filter>Header Files</Filter>
    </ClInclude>
    <ClInclude Include="..\reword\words.h">
      <Filter>Header Files</Filter>
    </ClInclude>
    <ClInclude Include="..\reword\tinyxml\tinystr.h">
      <Filter>Header Files</Filter>
    </ClInclude>
    <ClInclude Include="..\reword\tinyxml\tinyxml.h">
      <Filter>Header Files</Filter>
    </ClInclude>
  </ItemGroup>
  <ItemGroup>
    <ClCompile Include="..\reword\audio.cpp">
      <Filter>Source Files</Filter>
    </ClCompile>
    <ClCompile Include="..\reword\button.cpp">
      <Filter>Source Files</Filter>
    </ClCompile>
    <ClCompile Include="..\reword\control.cpp">
      <Filter>Source Files</Filter>
    </ClCompile>
    <ClCompile Include="..\reword\controls.cpp">
      <Filter>Source Files</Filter>
    </ClCompile>
    <ClCompile Include="..\reword\easing.cpp">
      <Filter>Source Files</Filter>
    </ClCompile>
    <ClCompile Include="..\reword\error.cpp">
      <Filter>Source Files</Filter>
    </ClCompile>
    <ClCompile Include="..\reword\fontttf.cpp">
      <Filter>Source Files</Filter>
    </ClCompile>
    <ClCompile Include="..\reword\framerate.cpp">
      <Filter>Source Files</Filter>
    </ClCompile>
    <ClCompile Include="..\reword\game.cpp">
      <Filter>Source Files</Filter>
    </ClCompile>
    <ClCompile Include="..\reword\gamedata.cpp">
      <Filter>Source Files</Filter>
    </ClCompile>
    <ClCompile Include="..\reword\helpers.cpp">
      <Filter>Source Files</Filter>
    </ClCompile>
    <ClCompile Include="..\reword\image.cpp">
      <Filter>Source Files</Filter>
    </ClCompile>
    <ClCompile Include="..\reword\imageanim.cpp">
      <Filter>Source Files</Filter>
    </ClCompile>
    <ClCompile Include="..\reword\input.cpp">
      <Filter>Source Files</Filter>
    </ClCompile>
    <ClCompile Include="..\reword\locator.cpp">
      <Filter>Source Files</Filter>
    </ClCompile>
    <ClCompile Include="..\reword\play.cpp">
      <Filter>Source Files</Filter>
    </ClCompile>
    <ClCompile Include="..\reword\playdiff.cpp">
      <Filter>Source Files</Filter>
    </ClCompile>
    <ClCompile Include="..\reword\playgame.cpp">
      <Filter>Source Files</Filter>
    </ClCompile>
    <ClCompile Include="..\reword\playgamedict.cpp">
      <Filter>Source Files</Filter>
    </ClCompile>
    <ClCompile Include="..\reword\playgamepopup.cpp">
      <Filter>Source Files</Filter>
    </ClCompile>
    <ClCompile Include="..\reword\playhigh.cpp">
      <Filter>Source Files</Filter>
    </ClCompile>
    <ClCompile Include="..\reword\playinst.cpp">
      <Filter>Source Files</Filter>
    </ClCompile>
    <ClCompile Include="..\reword\playmainmenu.cpp">
      <Filter>Source Files</Filter>
    </ClCompile>
    <ClCompile Include="..\reword\playmenu.cpp">
      <Filter>Source Files</Filter>
    </ClCompile>
    <ClCompile Include="..\reword\playmodemenu.cpp">
      <Filter>Source Files</Filter>
    </ClCompile>
    <ClCompile Include="..\reword\playoptions.cpp">
      <Filter>Source Files</Filter>
    </ClCompile>
    <ClCompile Include="..\reword\random.cpp">
      <Filter>Source Files</Filter>
    </ClCompile>
    <ClCompile Include="..\reword\resource.cpp">
      <Filter>Source Files</Filter>
    </ClCompile>
    <ClCompile Include="..\reword\reword.cpp">
      <Filter>Source Files</Filter>
    </ClCompile>
    <ClCompile Include="..\reword\roundels.cpp">
      <Filter>Source Files</Filter>
    </ClCompile>
    <ClCompile Include="..\reword\score.cpp">
      <Filter>Source Files</Filter>
    </ClCompile>
    <ClCompile Include="..\reword\screen.cpp">
      <Filter>Source Files</Filter>
    </ClCompile>
    <ClCompile Include="..\reword\singleton.cpp">
      <Filter>Source Files</Filter>
    </ClCompile>
    <ClCompile Include="..\reword\sprite.cpp">
      <Filter>Source Files</Filter>
    </ClCompile>
    <ClCompile Include="..\reword\spritemgr.cpp">
      <Filter>Source Files</Filter>
    </ClCompile>
    <ClCompile Include="..\reword\surface.cpp">
      <Filter>Source Files</Filter>
    </ClCompile>
    <ClCompile Include="..\reword\utils.cpp">
      <Filter>Source Files</Filter>
    </ClCompile>
    <ClCompile Include="..\reword\waiting.cpp">
      <Filter>Source Files</Filter>
    </ClCompile>
    <ClCompile Include="..\reword\words.cpp">
      <Filter>Source Files</Filter>
    </ClCompile>
    <ClCompile Include="..\reword\tinyxml\tinystr.cpp">
      <Filter>Source Files</Filter>
    </ClCompile>
    <ClCompile Include="..\reword\tinyxml\tinyxml.cpp">
      <Filter>Source Files</Filter>
    </ClCompile>
    <ClCompile Include="..\reword\tinyxml\tinyxmlerror.cpp">
      <Filter>Source Files</Filter>
    </ClCompile>
    <ClCompile Include="..\reword\tinyxml\tinyxmlparser.cpp">
      <Filter>Source Files</Filter>
    </ClCompile>
  </ItemGroup>
</Project>