<?xml version="1.0" encoding="utf-8"?>
<Project ToolsVersion="4.0" xmlns="http://schemas.microsoft.com/developer/msbuild/2003">
  <ItemGroup>
    <Filter Include="Source Files">
      <UniqueIdentifier>{4FC737F1-C7A5-4376-A066-2A32D752A2FF}</UniqueIdentifier>
      <Extensions>cpp;c;cc;cxx;def;odl;idl;hpj;bat;asm;asmx</Extensions>
    </Filter>
    <Filter Include="Header Files">
      <UniqueIdentifier>{93995380-89BD-4b04-88EB-625FBE52EBFB}</UniqueIdentifier>
      <Extensions>h;hpp;hxx;hm;inl;inc;xsd</Extensions>
    </Filter>
    <Filter Include="Resource Files">
      <UniqueIdentifier>{67DA6AB6-F800-4c08-8B7A-83BB121AAD01}</UniqueIdentifier>
      <Extensions>rc;ico;cur;bmp;dlg;rc2;rct;bin;rgs;gif;jpg;jpeg;jpe;resx;tiff;tif;png;wav;mfcribbon-ms</Extensions>
    </Filter>
  </ItemGroup>
  <ItemGroup>
    <ClInclude Include="..\audio.h">
      <Filter>Header Files</Filter>
    </ClInclude>
    <ClInclude Include="..\button.h">
      <Filter>Header Files</Filter>
    </ClInclude>
    <ClInclude Include="..\constants.h">
      <Filter>Header Files</Filter>
    </ClInclude>
    <ClInclude Include="..\control.h">
      <Filter>Header Files</Filter>
    </ClInclude>
    <ClInclude Include="..\controls.h">
      <Filter>Header Files</Filter>
    </ClInclude>
    <ClInclude Include="..\error.h">
      <Filter>Header Files</Filter>
    </ClInclude>
    <ClInclude Include="..\fontttf.h">
      <Filter>Header Files</Filter>
    </ClInclude>
    <ClInclude Include="..\framerate.h">
      <Filter>Header Files</Filter>
    </ClInclude>
    <ClInclude Include="..\game.h">
      <Filter>Header Files</Filter>
    </ClInclude>
    <ClInclude Include="..\gamedata.h">
      <Filter>Header Files</Filter>
    </ClInclude>
    <ClInclude Include="..\global.h">
      <Filter>Header Files</Filter>
    </ClInclude>
    <ClInclude Include="..\helpers.h">
      <Filter>Header Files</Filter>
    </ClInclude>
    <ClInclude Include="..\i_audio.h">
      <Filter>Header Files</Filter>
    </ClInclude>
    <ClInclude Include="..\i_input.h">
      <Filter>Header Files</Filter>
    </ClInclude>
    <ClInclude Include="..\image.h">
      <Filter>Header Files</Filter>
    </ClInclude>
    <ClInclude Include="..\imageanim.h">
      <Filter>Header Files</Filter>
    </ClInclude>
    <ClInclude Include="..\input.h">
      <Filter>Header Files</Filter>
    </ClInclude>
    <ClInclude Include="..\locator.h">
      <Filter>Header Files</Filter>
    </ClInclude>
    <ClInclude Include="..\platform.h">
      <Filter>Header Files</Filter>
    </ClInclude>
    <ClInclude Include="..\play.h">
      <Filter>Header Files</Filter>
    </ClInclude>
    <ClInclude Include="..\playdiff.h">
      <Filter>Header Files</Filter>
    </ClInclude>
    <ClInclude Include="..\playgame.h">
      <Filter>Header Files</Filter>
    </ClInclude>
    <ClInclude Include="..\playgamedict.h">
      <Filter>Header Files</Filter>
    </ClInclude>
    <ClInclude Include="..\playgamepopup.h">
      <Filter>Header Files</Filter>
    </ClInclude>
    <ClInclude Include="..\playhigh.h">
      <Filter>Header Files</Filter>
    </ClInclude>
    <ClInclude Include="..\playinst.h">
      <Filter>Header Files</Filter>
    </ClInclude>
    <ClInclude Include="..\playmainmenu.h">
      <Filter>Header Files</Filter>
    </ClInclude>
    <ClInclude Include="..\playmenu.h">
      <Filter>Header Files</Filter>
    </ClInclude>
    <ClInclude Include="..\playmodemenu.h">
      <Filter>Header Files</Filter>
    </ClInclude>
    <ClInclude Include="..\random.h">
      <Filter>Header Files</Filter>
    </ClInclude>
    <ClInclude Include="..\roundels.h">
      <Filter>Header Files</Filter>
    </ClInclude>
    <ClInclude Include="..\score.h">
      <Filter>Header Files</Filter>
    </ClInclude>
    <ClInclude Include="..\screen.h">
      <Filter>Header Files</Filter>
    </ClInclude>
    <ClInclude Include="..\singleton.h">
      <Filter>Header Files</Filter>
    </ClInclude>
    <ClInclude Include="..\sprite.h">
      <Filter>Header Files</Filter>
    </ClInclude>
    <ClInclude Include="..\spritemgr.h">
      <Filter>Header Files</Filter>
    </ClInclude>
    <ClInclude Include="..\states.h">
      <Filter>Header Files</Filter>
    </ClInclude>
    <ClInclude Include="..\surface.h">
      <Filter>Header Files</Filter>
    </ClInclude>
    <ClInclude Include="..\utils.h">
      <Filter>Header Files</Filter>
    </ClInclude>
    <ClInclude Include="..\waiting.h">
      <Filter>Header Files</Filter>
    </ClInclude>
    <ClInclude Include="..\words.h">
      <Filter>Header Files</Filter>
    </ClInclude>
    <ClInclude Include="..\playoptions.h">
      <Filter>Header Files</Filter>
    </ClInclude>
    <ClInclude Include="..\resource.h">
      <Filter>Header Files</Filter>
    </ClInclude>
  </ItemGroup>
  <ItemGroup>
    <ClCompile Include="..\audio.cpp">
      <Filter>Source Files</Filter>
    </ClCompile>
    <ClCompile Include="..\button.cpp">
      <Filter>Source Files</Filter>
    </ClCompile>
    <ClCompile Include="..\control.cpp">
      <Filter>Source Files</Filter>
    </ClCompile>
    <ClCompile Include="..\controls.cpp">
      <Filter>Source Files</Filter>
    </ClCompile>
    <ClCompile Include="..\error.cpp">
      <Filter>Source Files</Filter>
    </ClCompile>
    <ClCompile Include="..\fontttf.cpp">
      <Filter>Source Files</Filter>
    </ClCompile>
    <ClCompile Include="..\framerate.cpp">
      <Filter>Source Files</Filter>
    </ClCompile>
    <ClCompile Include="..\game.cpp">
      <Filter>Source Files</Filter>
    </ClCompile>
    <ClCompile Include="..\gamedata.cpp">
      <Filter>Source Files</Filter>
    </ClCompile>
    <ClCompile Include="..\helpers.cpp">
      <Filter>Source Files</Filter>
    </ClCompile>
    <ClCompile Include="..\image.cpp">
      <Filter>Source Files</Filter>
    </ClCompile>
    <ClCompile Include="..\imageanim.cpp">
      <Filter>Source Files</Filter>
    </ClCompile>
    <ClCompile Include="..\input.cpp">
      <Filter>Source Files</Filter>
    </ClCompile>
    <ClCompile Include="..\locator.cpp">
      <Filter>Source Files</Filter>
    </ClCompile>
    <ClCompile Include="..\play.cpp">
      <Filter>Source Files</Filter>
    </ClCompile>
    <ClCompile Include="..\playdiff.cpp">
      <Filter>Source Files</Filter>
    </ClCompile>
    <ClCompile Include="..\playgame.cpp">
      <Filter>Source Files</Filter>
    </ClCompile>
    <ClCompile Include="..\playgamedict.cpp">
      <Filter>Source Files</Filter>
    </ClCompile>
    <ClCompile Include="..\playgamepopup.cpp">
      <Filter>Source Files</Filter>
    </ClCompile>
    <ClCompile Include="..\playhigh.cpp">
      <Filter>Source Files</Filter>
    </ClCompile>
    <ClCompile Include="..\playinst.cpp">
      <Filter>Source Files</Filter>
    </ClCompile>
    <ClCompile Include="..\playmainmenu.cpp">
      <Filter>Source Files</Filter>
    </ClCompile>
    <ClCompile Include="..\playmenu.cpp">
      <Filter>Source Files</Filter>
    </ClCompile>
    <ClCompile Include="..\playmodemenu.cpp">
      <Filter>Source Files</Filter>
    </ClCompile>
    <ClCompile Include="..\random.cpp">
      <Filter>Source Files</Filter>
    </ClCompile>
    <ClCompile Include="..\reword.cpp">
      <Filter>Source Files</Filter>
    </ClCompile>
    <ClCompile Include="..\roundels.cpp">
      <Filter>Source Files</Filter>
    </ClCompile>
    <ClCompile Include="..\score.cpp">
      <Filter>Source Files</Filter>
    </ClCompile>
    <ClCompile Include="..\screen.cpp">
      <Filter>Source Files</Filter>
    </ClCompile>
    <ClCompile Include="..\singleton.cpp">
      <Filter>Source Files</Filter>
    </ClCompile>
    <ClCompile Include="..\sprite.cpp">
      <Filter>Source Files</Filter>
    </ClCompile>
    <ClCompile Include="..\spritemgr.cpp">
      <Filter>Source Files</Filter>
    </ClCompile>
    <ClCompile Include="..\surface.cpp">
      <Filter>Source Files</Filter>
    </ClCompile>
    <ClCompile Include="..\utils.cpp">
      <Filter>Source Files</Filter>
    </ClCompile>
    <ClCompile Include="..\waiting.cpp">
      <Filter>Source Files</Filter>
    </ClCompile>
    <ClCompile Include="..\words.cpp">
      <Filter>Source Files</Filter>
    </ClCompile>
    <ClCompile Include="..\playoptions.cpp">
      <Filter>Source Files</Filter>
    </ClCompile>
    <ClCompile Include="..\resource.cpp">
      <Filter>Source Files</Filter>
    </ClCompile>
  </ItemGroup>
</Project>