<?xml version="1.0" encoding="utf-8"?>
<Project ToolsVersion="4.0" xmlns="http://schemas.microsoft.com/developer/msbuild/2003">
  <ItemGroup>
    <Filter Include="Source Files">
      <UniqueIdentifier>{4FC737F1-C7A5-4376-A066-2A32D752A2FF}</UniqueIdentifier>
      <Extensions>cpp;c;cc;cxx;def;odl;idl;hpj;bat;asm;asmx</Extensions>
    </Filter>
    <Filter Include="Header Files">
      <UniqueIdentifier>{93995380-89BD-4b04-88EB-625FBE52EBFB}</UniqueIdentifier>
      <Extensions>h;hpp;hxx;hm;inl;inc;xsd</Extensions>
    </Filter>
    <Filter Include="Resource Files">
      <UniqueIdentifier>{67DA6AB6-F800-4c08-8B7A-83BB121AAD01}</UniqueIdentifier>
      <Extensions>rc;ico;cur;bmp;dlg;rc2;rct;bin;rgs;gif;jpg;jpeg;jpe;resx;tiff;tif;png;wav;mfcribbon-ms</Extensions>
    </Filter>
  </ItemGroup>
  <ItemGroup>
    <ClInclude Include="..\reword\reword\audio.h">
      <Filter>Header Files</Filter>
    </ClInclude>
    <ClInclude Include="..\reword\reword\button.h">
      <Filter>Header Files</Filter>
    </ClInclude>
    <ClInclude Include="..\reword\reword\constants.h">
      <Filter>Header Files</Filter>
    </ClInclude>
    <ClInclude Include="..\reword\reword\control.h">
      <Filter>Header Files</Filter>
    </ClInclude>
    <ClInclude Include="..\reword\reword\controls.h">
      <Filter>Header Files</Filter>
    </ClInclude>
    <ClInclude Include="..\reword\reword\delegate.h">
      <Filter>Header Files</Filter>
    </ClInclude>
    <ClInclude Include="..\reword\reword\easing.h">
      <Filter>Header Files</Filter>
    </ClInclude>
    <ClInclude Include="..\reword\reword\error.h">
      <Filter>Header Files</Filter>
    </ClInclude>
    <ClInclude Include="..\reword\reword\fontttf.h">
      <Filter>Header Files</Filter>
    </ClInclude>
    <ClInclude Include="..\reword\reword\framerate.h">
      <Filter>Header Files</Filter>
    </ClInclude>
    <ClInclude Include="..\reword\reword\game.h">
      <Filter>Header Files</Filter>
    </ClInclude>
    <ClInclude Include="..\reword\reword\gamedata.h">
      <Filter>Header Files</Filter>
    </ClInclude>
    <ClInclude Include="..\reword\reword\global.h">
      <Filter>Header Files</Filter>
    </ClInclude>
    <ClInclude Include="..\reword\reword\helpers.h">
      <Filter>Header Files</Filter>
    </ClInclude>
    <ClInclude Include="..\reword\reword\i_audio.h">
      <Filter>Header Files</Filter>
    </ClInclude>
    <ClInclude Include="..\reword\reword\i_input.h">
      <Filter>Header Files</Filter>
    </ClInclude>
    <ClInclude Include="..\reword\reword\i_play.h">
      <Filter>Header Files</Filter>
    </ClInclude>
    <ClInclude Include="..\reword\reword\image.h">
      <Filter>Header Files</Filter>
    </ClInclude>
    <ClInclude Include="..\reword\reword\imageanim.h">
      <Filter>Header Files</Filter>
    </ClInclude>
    <ClInclude Include="..\reword\reword\input.h">
      <Filter>Header Files</Filter>
    </ClInclude>
    <ClInclude Include="..\reword\reword\locator.h">
      <Filter>Header Files</Filter>
    </ClInclude>
    <ClInclude Include="..\reword\reword\platform.h">
      <Filter>Header Files</Filter>
    </ClInclude>
    <ClInclude Include="..\reword\reword\playdiff.h">
      <Filter>Header Files</Filter>
    </ClInclude>
    <ClInclude Include="..\reword\reword\playgame.h">
      <Filter>Header Files</Filter>
    </ClInclude>
    <ClInclude Include="..\reword\reword\playgamedict.h">
      <Filter>Header Files</Filter>
    </ClInclude>
    <ClInclude Include="..\reword\reword\playgamepopup.h">
      <Filter>Header Files</Filter>
    </ClInclude>
    <ClInclude Include="..\reword\reword\playhigh.h">
      <Filter>Header Files</Filter>
    </ClInclude>
    <ClInclude Include="..\reword\reword\playinst.h">
      <Filter>Header Files</Filter>
    </ClInclude>
    <ClInclude Include="..\reword\reword\playmainmenu.h">
      <Filter>Header Files</Filter>
    </ClInclude>
    <ClInclude Include="..\reword\reword\playmenu.h">
      <Filter>Header Files</Filter>
    </ClInclude>
    <ClInclude Include="..\reword\reword\playmodemenu.h">
      <Filter>Header Files</Filter>
    </ClInclude>
    <ClInclude Include="..\reword\reword\playoptions.h">
      <Filter>Header Files</Filter>
    </ClInclude>
    <ClInclude Include="..\reword\reword\random.h">
      <Filter>Header Files</Filter>
    </ClInclude>
    <ClInclude Include="..\reword\reword\resource.h">
      <Filter>Header Files</Filter>
    </ClInclude>
    <ClInclude Include="..\reword\reword\roundels.h">
      <Filter>Header Files</Filter>
    </ClInclude>
    <ClInclude Include="..\reword\reword\score.h">
      <Filter>Header Files</Filter>
    </ClInclude>
    <ClInclude Include="..\reword\reword\screen.h">
      <Filter>Header Files</Filter>
    </ClInclude>
    <ClInclude Include="..\reword\reword\signal.h">
      <Filter>Header Files</Filter>
    </ClInclude>
    <ClInclude Include="..\reword\reword\singleton.h">
      <Filter>Header Files</Filter>
    </ClInclude>
    <ClInclude Include="..\reword\reword\sprite.h">
      <Filter>Header Files</Filter>
    </ClInclude>
    <ClInclude Include="..\reword\reword\spritemgr.h">
      <Filter>Header Files</Filter>
    </ClInclude>
    <ClInclude Include="..\reword\reword\states.h">
      <Filter>Header Files</Filter>
    </ClInclude>
    <ClInclude Include="..\reword\reword\surface.h">
      <Filter>Header Files</Filter>
    </ClInclude>
    <ClInclude Include="..\reword\reword\utils.h">
      <Filter>Header Files</Filter>
    </ClInclude>
    <ClInclude Include="..\reword\reword\waiting.h">
      <Filter>Header Files</Filter>
    </ClInclude>
    <ClInclude Include="..\reword\reword\words.h">
      <Filter>Header Files</Filter>
    </ClInclude>
  </ItemGroup>
  <ItemGroup>
    <ClCompile Include="..\reword\reword\audio.cpp">
      <Filter>Source Files</Filter>
    </ClCompile>
    <ClCompile Include="..\reword\reword\button.cpp">
      <Filter>Source Files</Filter>
    </ClCompile>
    <ClCompile Include="..\reword\reword\control.cpp">
      <Filter>Source Files</Filter>
    </ClCompile>
    <ClCompile Include="..\reword\reword\controls.cpp">
      <Filter>Source Files</Filter>
    </ClCompile>
    <ClCompile Include="..\reword\reword\easing.cpp">
      <Filter>Source Files</Filter>
    </ClCompile>
    <ClCompile Include="..\reword\reword\error.cpp">
      <Filter>Source Files</Filter>
    </ClCompile>
    <ClCompile Include="..\reword\reword\fontttf.cpp">
      <Filter>Source Files</Filter>
    </ClCompile>
    <ClCompile Include="..\reword\reword\framerate.cpp">
      <Filter>Source Files</Filter>
    </ClCompile>
    <ClCompile Include="..\reword\reword\game.cpp">
      <Filter>Source Files</Filter>
    </ClCompile>
    <ClCompile Include="..\reword\reword\gamedata.cpp">
      <Filter>Source Files</Filter>
    </ClCompile>
    <ClCompile Include="..\reword\reword\helpers.cpp">
      <Filter>Source Files</Filter>
    </ClCompile>
    <ClCompile Include="..\reword\reword\image.cpp">
      <Filter>Source Files</Filter>
    </ClCompile>
    <ClCompile Include="..\reword\reword\imageanim.cpp">
      <Filter>Source Files</Filter>
    </ClCompile>
    <ClCompile Include="..\reword\reword\input.cpp">
      <Filter>Source Files</Filter>
    </ClCompile>
    <ClCompile Include="..\reword\reword\locator.cpp">
      <Filter>Source Files</Filter>
    </ClCompile>
    <ClCompile Include="..\reword\reword\play.cpp">
      <Filter>Source Files</Filter>
    </ClCompile>
    <ClCompile Include="..\reword\reword\playdiff.cpp">
      <Filter>Source Files</Filter>
    </ClCompile>
    <ClCompile Include="..\reword\reword\playgame.cpp">
      <Filter>Source Files</Filter>
    </ClCompile>
    <ClCompile Include="..\reword\reword\playgamedict.cpp">
      <Filter>Source Files</Filter>
    </ClCompile>
    <ClCompile Include="..\reword\reword\playgamepopup.cpp">
      <Filter>Source Files</Filter>
    </ClCompile>
    <ClCompile Include="..\reword\reword\playhigh.cpp">
      <Filter>Source Files</Filter>
    </ClCompile>
    <ClCompile Include="..\reword\reword\playinst.cpp">
      <Filter>Source Files</Filter>
    </ClCompile>
    <ClCompile Include="..\reword\reword\playmainmenu.cpp">
      <Filter>Source Files</Filter>
    </ClCompile>
    <ClCompile Include="..\reword\reword\playmenu.cpp">
      <Filter>Source Files</Filter>
    </ClCompile>
    <ClCompile Include="..\reword\reword\playmodemenu.cpp">
      <Filter>Source Files</Filter>
    </ClCompile>
    <ClCompile Include="..\reword\reword\playoptions.cpp">
      <Filter>Source Files</Filter>
    </ClCompile>
    <ClCompile Include="..\reword\reword\random.cpp">
      <Filter>Source Files</Filter>
    </ClCompile>
    <ClCompile Include="..\reword\reword\resource.cpp">
      <Filter>Source Files</Filter>
    </ClCompile>
    <ClCompile Include="..\reword\reword\reword.cpp">
      <Filter>Source Files</Filter>
    </ClCompile>
    <ClCompile Include="..\reword\reword\roundels.cpp">
      <Filter>Source Files</Filter>
    </ClCompile>
    <ClCompile Include="..\reword\reword\score.cpp">
      <Filter>Source Files</Filter>
    </ClCompile>
    <ClCompile Include="..\reword\reword\screen.cpp">
      <Filter>Source Files</Filter>
    </ClCompile>
    <ClCompile Include="..\reword\reword\singleton.cpp">
      <Filter>Source Files</Filter>
    </ClCompile>
    <ClCompile Include="..\reword\reword\sprite.cpp">
      <Filter>Source Files</Filter>
    </ClCompile>
    <ClCompile Include="..\reword\reword\spritemgr.cpp">
      <Filter>Source Files</Filter>
    </ClCompile>
    <ClCompile Include="..\reword\reword\surface.cpp">
      <Filter>Source Files</Filter>
    </ClCompile>
    <ClCompile Include="..\reword\reword\utils.cpp">
      <Filter>Source Files</Filter>
    </ClCompile>
    <ClCompile Include="..\reword\reword\waiting.cpp">
      <Filter>Source Files</Filter>
    </ClCompile>
    <ClCompile Include="..\reword\reword\words.cpp">
      <Filter>Source Files</Filter>
    </ClCompile>
  </ItemGroup>
</Project>